
Microsoft Visual Studio Solution File, Format Version 12.00
# Visual Studio 14
VisualStudioVersion = 14.0.23107.0
MinimumVisualStudioVersion = 10.0.40219.1
Project("{2150E333-8FDC-42A3-9474-1A3956D46DE8}") = "Plugins", "Plugins", "{504F9712-99C4-4AD7-B6DD-045C0E42AFA2}"
EndProject
Project("{FAE04EC0-301F-11D3-BF4B-00C04F79EFBC}") = "BisVista", "Plugins\BisVista\BisVista.csproj", "{C78CBD55-19E8-4671-A940-4CEEECF607C3}"
EndProject
Project("{FAE04EC0-301F-11D3-BF4B-00C04F79EFBC}") = "Assembler", "Assembler\Assembler.csproj", "{05C042DF-3826-4DD4-8569-0D1BC74C6498}"
EndProject
Project("{2150E333-8FDC-42A3-9474-1A3956D46DE8}") = "Solution Items", "Solution Items", "{78B7D77C-A2E3-49FD-A9D1-7455FE27C6FF}"
	ProjectSection(SolutionItems) = preProject
		Nuget.Config = Nuget.Config
		SharedAssemblyInfo.cs = SharedAssemblyInfo.cs
	EndProjectSection
EndProject
Project("{FAE04EC0-301F-11D3-BF4B-00C04F79EFBC}") = "Infrastructure.Shared", "Infrastructure.Shared\Infrastructure.Shared.csproj", "{95C70119-2692-4F28-B5F5-E210D9B718CC}"
EndProject
Project("{2150E333-8FDC-42A3-9474-1A3956D46DE8}") = "Infrastructure", "Infrastructure", "{258BC24C-27BF-4081-BA31-B5F4D6C6BAC9}"
EndProject
Project("{FAE04EC0-301F-11D3-BF4B-00C04F79EFBC}") = "Infrastructure.Applications", "Infrastructure.Applications\Infrastructure.Applications.csproj", "{49ADA897-91E7-476D-8B34-DA6A9E056870}"
EndProject
Project("{FAE04EC0-301F-11D3-BF4B-00C04F79EFBC}") = "Infrastructure.Presentation", "Infrastructure.Presentation\Infrastructure.Presentation.csproj", "{E16ED031-14E0-49D1-B959-5F3E67E6E1BA}"
EndProject
Global
	GlobalSection(SolutionConfigurationPlatforms) = preSolution
		Debug|Any CPU = Debug|Any CPU
		Release|Any CPU = Release|Any CPU
	EndGlobalSection
	GlobalSection(ProjectConfigurationPlatforms) = postSolution
		{C78CBD55-19E8-4671-A940-4CEEECF607C3}.Debug|Any CPU.ActiveCfg = Debug|Any CPU
		{C78CBD55-19E8-4671-A940-4CEEECF607C3}.Debug|Any CPU.Build.0 = Debug|Any CPU
		{C78CBD55-19E8-4671-A940-4CEEECF607C3}.Release|Any CPU.ActiveCfg = Release|Any CPU
		{C78CBD55-19E8-4671-A940-4CEEECF607C3}.Release|Any CPU.Build.0 = Release|Any CPU
		{05C042DF-3826-4DD4-8569-0D1BC74C6498}.Debug|Any CPU.ActiveCfg = Debug|Any CPU
		{05C042DF-3826-4DD4-8569-0D1BC74C6498}.Debug|Any CPU.Build.0 = Debug|Any CPU
		{05C042DF-3826-4DD4-8569-0D1BC74C6498}.Release|Any CPU.ActiveCfg = Release|Any CPU
		{05C042DF-3826-4DD4-8569-0D1BC74C6498}.Release|Any CPU.Build.0 = Release|Any CPU
		{95C70119-2692-4F28-B5F5-E210D9B718CC}.Debug|Any CPU.ActiveCfg = Debug|Any CPU
		{95C70119-2692-4F28-B5F5-E210D9B718CC}.Debug|Any CPU.Build.0 = Debug|Any CPU
		{95C70119-2692-4F28-B5F5-E210D9B718CC}.Release|Any CPU.ActiveCfg = Release|Any CPU
		{95C70119-2692-4F28-B5F5-E210D9B718CC}.Release|Any CPU.Build.0 = Release|Any CPU
		{49ADA897-91E7-476D-8B34-DA6A9E056870}.Debug|Any CPU.ActiveCfg = Debug|Any CPU
		{49ADA897-91E7-476D-8B34-DA6A9E056870}.Debug|Any CPU.Build.0 = Debug|Any CPU
		{49ADA897-91E7-476D-8B34-DA6A9E056870}.Release|Any CPU.ActiveCfg = Release|Any CPU
		{49ADA897-91E7-476D-8B34-DA6A9E056870}.Release|Any CPU.Build.0 = Release|Any CPU
		{E16ED031-14E0-49D1-B959-5F3E67E6E1BA}.Debug|Any CPU.ActiveCfg = Debug|Any CPU
		{E16ED031-14E0-49D1-B959-5F3E67E6E1BA}.Debug|Any CPU.Build.0 = Debug|Any CPU
		{E16ED031-14E0-49D1-B959-5F3E67E6E1BA}.Release|Any CPU.ActiveCfg = Release|Any CPU
		{E16ED031-14E0-49D1-B959-5F3E67E6E1BA}.Release|Any CPU.Build.0 = Release|Any CPU
	EndGlobalSection
	GlobalSection(SolutionProperties) = preSolution
		HideSolutionNode = FALSE
	EndGlobalSection
	GlobalSection(NestedProjects) = preSolution
		{C78CBD55-19E8-4671-A940-4CEEECF607C3} = {504F9712-99C4-4AD7-B6DD-045C0E42AFA2}
		{95C70119-2692-4F28-B5F5-E210D9B718CC} = {258BC24C-27BF-4081-BA31-B5F4D6C6BAC9}
		{49ADA897-91E7-476D-8B34-DA6A9E056870} = {258BC24C-27BF-4081-BA31-B5F4D6C6BAC9}
		{E16ED031-14E0-49D1-B959-5F3E67E6E1BA} = {258BC24C-27BF-4081-BA31-B5F4D6C6BAC9}
	EndGlobalSection
EndGlobal
